
Microsoft Visual Studio Solution File, Format Version 12.00
# Visual Studio Version 17
VisualStudioVersion = 17.14.36717.8
MinimumVisualStudioVersion = 10.0.40219.1
Project("{FAE04EC0-301F-11D3-BF4B-00C04F79EFBC}") = "PlainFile.cor", "PlainFile.cor\PlainFile.cor.csproj", "{48882BA1-BAED-42CD-A64F-563B5A8F56AA}"
EndProject
Project("{FAE04EC0-301F-11D3-BF4B-00C04F79EFBC}") = "PlainFile.console", "..\PlainFile.console\PlainFile.console.csproj", "{59F71646-4B7C-4F7E-922F-D666A3E47A6D}"
EndProject
Global
	GlobalSection(SolutionConfigurationPlatforms) = preSolution
		Debug|Any CPU = Debug|Any CPU
		Release|Any CPU = Release|Any CPU
	EndGlobalSection
	GlobalSection(ProjectConfigurationPlatforms) = postSolution
		{48882BA1-BAED-42CD-A64F-563B5A8F56AA}.Debug|Any CPU.ActiveCfg = Debug|Any CPU
		{48882BA1-BAED-42CD-A64F-563B5A8F56AA}.Debug|Any CPU.Build.0 = Debug|Any CPU
		{48882BA1-BAED-42CD-A64F-563B5A8F56AA}.Release|Any CPU.ActiveCfg = Release|Any CPU
		{48882BA1-BAED-42CD-A64F-563B5A8F56AA}.Release|Any CPU.Build.0 = Release|Any CPU
		{59F71646-4B7C-4F7E-922F-D666A3E47A6D}.Debug|Any CPU.ActiveCfg = Debug|Any CPU
		{59F71646-4B7C-4F7E-922F-D666A3E47A6D}.Debug|Any CPU.Build.0 = Debug|Any CPU
		{59F71646-4B7C-4F7E-922F-D666A3E47A6D}.Release|Any CPU.ActiveCfg = Release|Any CPU
		{59F71646-4B7C-4F7E-922F-D666A3E47A6D}.Release|Any CPU.Build.0 = Release|Any CPU
	EndGlobalSection
	GlobalSection(SolutionProperties) = preSolution
		HideSolutionNode = FALSE
	EndGlobalSection
	GlobalSection(ExtensibilityGlobals) = postSolution
		SolutionGuid = {ECA6F69B-3653-48F5-95D7-D730E0701A4E}
	EndGlobalSection
EndGlobal
